
Microsoft Visual Studio Solution File, Format Version 12.00
# Visual Studio Version 16
VisualStudioVersion = 16.0.31729.503
MinimumVisualStudioVersion = 10.0.40219.1
Project("{8BC9CEB8-8B4A-11D0-8D11-00A0C91BC942}") = "Text_Similarity_With_AVLTree", "Text_Similarity_With_AVLTree\Text_Similarity_With_AVLTree.vcxproj", "{DF046CF6-5DD1-4E3A-A0CA-6990ABF437CC}"
EndProject
Global
	GlobalSection(SolutionConfigurationPlatforms) = preSolution
		Debug|x64 = Debug|x64
		Debug|x86 = Debug|x86
		Release|x64 = Release|x64
		Release|x86 = Release|x86
	EndGlobalSection
	GlobalSection(ProjectConfigurationPlatforms) = postSolution
		{DF046CF6-5DD1-4E3A-A0CA-6990ABF437CC}.Debug|x64.ActiveCfg = Debug|x64
		{DF046CF6-5DD1-4E3A-A0CA-6990ABF437CC}.Debug|x64.Build.0 = Debug|x64
		{DF046CF6-5DD1-4E3A-A0CA-6990ABF437CC}.Debug|x86.ActiveCfg = Debug|Win32
		{DF046CF6-5DD1-4E3A-A0CA-6990ABF437CC}.Debug|x86.Build.0 = Debug|Win32
		{DF046CF6-5DD1-4E3A-A0CA-6990ABF437CC}.Release|x64.ActiveCfg = Release|x64
		{DF046CF6-5DD1-4E3A-A0CA-6990ABF437CC}.Release|x64.Build.0 = Release|x64
		{DF046CF6-5DD1-4E3A-A0CA-6990ABF437CC}.Release|x86.ActiveCfg = Release|Win32
		{DF046CF6-5DD1-4E3A-A0CA-6990ABF437CC}.Release|x86.Build.0 = Release|Win32
	EndGlobalSection
	GlobalSection(SolutionProperties) = preSolution
		HideSolutionNode = FALSE
	EndGlobalSection
	GlobalSection(ExtensibilityGlobals) = postSolution
		SolutionGuid = {ABA75A30-9B84-4B1F-B0C5-E63D0E320584}
	EndGlobalSection
EndGlobal
